// !$*UTF8*$!
{
	archiveVersion = 1;
	classes = {
	};
	objectVersion = 45;
	objects = {

/* Begin PBXFileReference section */
		5210C96E102790C1005F0FD4 /* MemoryException.h */ = {isa = PBXFileReference; fileEncoding = 4; lastKnownFileType = sourcecode.c.h; path = MemoryException.h; sourceTree = "<group>"; };
		5214355C100EBEF800E05AB5 /* THIRDPARTY-LICENSE */ = {isa = PBXFileReference; fileEncoding = 4; lastKnownFileType = text; path = "THIRDPARTY-LICENSE"; sourceTree = "<group>"; };
		522DB0991221716300CD0CE1 /* ConnectionDelegate.h */ = {isa = PBXFileReference; fileEncoding = 4; lastKnownFileType = sourcecode.c.h; path = ConnectionDelegate.h; sourceTree = "<group>"; };
		522DB09A1221716300CD0CE1 /* PreparedStatementDelegate.h */ = {isa = PBXFileReference; fileEncoding = 4; lastKnownFileType = sourcecode.c.h; path = PreparedStatementDelegate.h; sourceTree = "<group>"; };
		522DB09B1221716300CD0CE1 /* ResultSetDelegate.h */ = {isa = PBXFileReference; fileEncoding = 4; lastKnownFileType = sourcecode.c.h; path = ResultSetDelegate.h; sourceTree = "<group>"; };
		5233692E12507C4A00291DB6 /* zdb.h */ = {isa = PBXFileReference; fileEncoding = 4; lastKnownFileType = sourcecode.c.h; path = zdb.h; sourceTree = "<group>"; };
		52492E960FDAA1070024B721 /* bootstrap */ = {isa = PBXFileReference; fileEncoding = 4; lastKnownFileType = text.script.sh; path = bootstrap; sourceTree = "<group>"; };
		52492EA70FDAA1070024B721 /* CHANGES */ = {isa = PBXFileReference; fileEncoding = 4; lastKnownFileType = text; path = CHANGES; sourceTree = "<group>"; };
		52492EA90FDAA1070024B721 /* doxy_bottom */ = {isa = PBXFileReference; fileEncoding = 4; lastKnownFileType = text; path = doxy_bottom; sourceTree = "<group>"; };
		52492EAA0FDAA1070024B721 /* doxy_head */ = {isa = PBXFileReference; fileEncoding = 4; lastKnownFileType = text; path = doxy_head; sourceTree = "<group>"; };
		52492EAB0FDAA1070024B721 /* Doxyfile */ = {isa = PBXFileReference; fileEncoding = 4; lastKnownFileType = text; path = Doxyfile; sourceTree = "<group>"; };
		52492EAC0FDAA1070024B721 /* DoxygenLayout.xml */ = {isa = PBXFileReference; fileEncoding = 4; lastKnownFileType = text.xml; path = DoxygenLayout.xml; sourceTree = "<group>"; };
		52492EAD0FDAA1070024B721 /* install-sh */ = {isa = PBXFileReference; fileEncoding = 4; lastKnownFileType = text.script.sh; path = "install-sh"; sourceTree = "<group>"; };
		52492EAF0FDAA1070024B721 /* missing */ = {isa = PBXFileReference; fileEncoding = 4; lastKnownFileType = text.script.sh; path = missing; sourceTree = "<group>"; };
		52492EB00FDAA1070024B721 /* configure.ac */ = {isa = PBXFileReference; fileEncoding = 4; lastKnownFileType = text; path = configure.ac; sourceTree = "<group>"; };
		52492EB10FDAA1070024B721 /* COPYING */ = {isa = PBXFileReference; fileEncoding = 4; lastKnownFileType = text; path = COPYING; sourceTree = "<group>"; };
		52492EB40FDAA1070024B721 /* database.png */ = {isa = PBXFileReference; lastKnownFileType = image.png; path = database.png; sourceTree = "<group>"; };
		52492EBE0FDAA1070024B721 /* mysqloptions.html */ = {isa = PBXFileReference; fileEncoding = 4; lastKnownFileType = text.html; path = mysqloptions.html; sourceTree = "<group>"; };
		52492EC00FDAA1070024B721 /* postgresoptions.html */ = {isa = PBXFileReference; fileEncoding = 4; lastKnownFileType = text.html; path = postgresoptions.html; sourceTree = "<group>"; };
		52492EC10FDAA1070024B721 /* LICENSE.pdf */ = {isa = PBXFileReference; lastKnownFileType = image.pdf; path = LICENSE.pdf; sourceTree = "<group>"; };
		52492EC30FDAA1070024B721 /* Makefile.am */ = {isa = PBXFileReference; fileEncoding = 4; lastKnownFileType = text; path = Makefile.am; sourceTree = "<group>"; };
		52492EC40FDAA1070024B721 /* README */ = {isa = PBXFileReference; fileEncoding = 4; lastKnownFileType = text; path = README; sourceTree = "<group>"; };
		52492EC60FDAA1070024B721 /* Config.h */ = {isa = PBXFileReference; fileEncoding = 4; lastKnownFileType = sourcecode.c.h; path = Config.h; sourceTree = "<group>"; };
		52492EC80FDAA1070024B721 /* Connection.c */ = {isa = PBXFileReference; fileEncoding = 4; lastKnownFileType = sourcecode.c.c; path = Connection.c; sourceTree = "<group>"; };
		52492EC90FDAA1070024B721 /* Connection.h */ = {isa = PBXFileReference; fileEncoding = 4; lastKnownFileType = sourcecode.c.h; path = Connection.h; sourceTree = "<group>"; };
		52492ECA0FDAA1070024B721 /* ConnectionPool.c */ = {isa = PBXFileReference; fileEncoding = 4; lastKnownFileType = sourcecode.c.c; path = ConnectionPool.c; sourceTree = "<group>"; };
		52492ECB0FDAA1070024B721 /* ConnectionPool.h */ = {isa = PBXFileReference; fileEncoding = 4; lastKnownFileType = sourcecode.c.h; path = ConnectionPool.h; sourceTree = "<group>"; };
		52492ECE0FDAA1070024B721 /* MysqlConnection.c */ = {isa = PBXFileReference; fileEncoding = 4; lastKnownFileType = sourcecode.c.c; path = MysqlConnection.c; sourceTree = "<group>"; };
		52492ECF0FDAA1070024B721 /* MysqlConnection.h */ = {isa = PBXFileReference; fileEncoding = 4; lastKnownFileType = sourcecode.c.h; path = MysqlConnection.h; sourceTree = "<group>"; };
		52492ED00FDAA1070024B721 /* MysqlPreparedStatement.c */ = {isa = PBXFileReference; fileEncoding = 4; lastKnownFileType = sourcecode.c.c; path = MysqlPreparedStatement.c; sourceTree = "<group>"; };
		52492ED10FDAA1070024B721 /* MysqlPreparedStatement.h */ = {isa = PBXFileReference; fileEncoding = 4; lastKnownFileType = sourcecode.c.h; path = MysqlPreparedStatement.h; sourceTree = "<group>"; };
		52492ED20FDAA1070024B721 /* MysqlResultSet.c */ = {isa = PBXFileReference; fileEncoding = 4; lastKnownFileType = sourcecode.c.c; path = MysqlResultSet.c; sourceTree = "<group>"; };
		52492ED30FDAA1070024B721 /* MysqlResultSet.h */ = {isa = PBXFileReference; fileEncoding = 4; lastKnownFileType = sourcecode.c.h; path = MysqlResultSet.h; sourceTree = "<group>"; };
		52492ED50FDAA1070024B721 /* PostgresqlConnection.c */ = {isa = PBXFileReference; fileEncoding = 4; lastKnownFileType = sourcecode.c.c; path = PostgresqlConnection.c; sourceTree = "<group>"; };
		52492ED60FDAA1070024B721 /* PostgresqlConnection.h */ = {isa = PBXFileReference; fileEncoding = 4; lastKnownFileType = sourcecode.c.h; path = PostgresqlConnection.h; sourceTree = "<group>"; };
		52492ED70FDAA1070024B721 /* PostgresqlPreparedStatement.c */ = {isa = PBXFileReference; fileEncoding = 4; lastKnownFileType = sourcecode.c.c; path = PostgresqlPreparedStatement.c; sourceTree = "<group>"; };
		52492ED80FDAA1070024B721 /* PostgresqlPreparedStatement.h */ = {isa = PBXFileReference; fileEncoding = 4; lastKnownFileType = sourcecode.c.h; path = PostgresqlPreparedStatement.h; sourceTree = "<group>"; };
		52492ED90FDAA1070024B721 /* PostgresqlResultSet.c */ = {isa = PBXFileReference; fileEncoding = 4; lastKnownFileType = sourcecode.c.c; path = PostgresqlResultSet.c; sourceTree = "<group>"; };
		52492EDA0FDAA1070024B721 /* PostgresqlResultSet.h */ = {isa = PBXFileReference; fileEncoding = 4; lastKnownFileType = sourcecode.c.h; path = PostgresqlResultSet.h; sourceTree = "<group>"; };
		52492EDB0FDAA1070024B721 /* PreparedStatement.c */ = {isa = PBXFileReference; fileEncoding = 4; lastKnownFileType = sourcecode.c.c; path = PreparedStatement.c; sourceTree = "<group>"; };
		52492EDC0FDAA1070024B721 /* PreparedStatement.h */ = {isa = PBXFileReference; fileEncoding = 4; lastKnownFileType = sourcecode.c.h; path = PreparedStatement.h; sourceTree = "<group>"; };
		52492EDE0FDAA1070024B721 /* ResultSet.c */ = {isa = PBXFileReference; fileEncoding = 4; lastKnownFileType = sourcecode.c.c; path = ResultSet.c; sourceTree = "<group>"; };
		52492EDF0FDAA1070024B721 /* ResultSet.h */ = {isa = PBXFileReference; fileEncoding = 4; lastKnownFileType = sourcecode.c.h; path = ResultSet.h; sourceTree = "<group>"; };
		52492EE20FDAA1070024B721 /* SQLiteConnection.c */ = {isa = PBXFileReference; fileEncoding = 4; lastKnownFileType = sourcecode.c.c; path = SQLiteConnection.c; sourceTree = "<group>"; };
		52492EE30FDAA1070024B721 /* SQLiteConnection.h */ = {isa = PBXFileReference; fileEncoding = 4; lastKnownFileType = sourcecode.c.h; path = SQLiteConnection.h; sourceTree = "<group>"; };
		52492EE40FDAA1070024B721 /* SQLitePreparedStatement.c */ = {isa = PBXFileReference; fileEncoding = 4; lastKnownFileType = sourcecode.c.c; path = SQLitePreparedStatement.c; sourceTree = "<group>"; };
		52492EE50FDAA1070024B721 /* SQLitePreparedStatement.h */ = {isa = PBXFileReference; fileEncoding = 4; lastKnownFileType = sourcecode.c.h; path = SQLitePreparedStatement.h; sourceTree = "<group>"; };
		52492EE60FDAA1070024B721 /* SQLiteResultSet.c */ = {isa = PBXFileReference; fileEncoding = 4; lastKnownFileType = sourcecode.c.c; path = SQLiteResultSet.c; sourceTree = "<group>"; };
		52492EE70FDAA1070024B721 /* SQLiteResultSet.h */ = {isa = PBXFileReference; fileEncoding = 4; lastKnownFileType = sourcecode.c.h; path = SQLiteResultSet.h; sourceTree = "<group>"; };
		52492EE90FDAA1070024B721 /* assert.c */ = {isa = PBXFileReference; fileEncoding = 4; lastKnownFileType = sourcecode.c.c; path = assert.c; sourceTree = "<group>"; };
		52492EEA0FDAA1070024B721 /* assert.h */ = {isa = PBXFileReference; fileEncoding = 4; lastKnownFileType = sourcecode.c.h; path = assert.h; sourceTree = "<group>"; };
		52492EEB0FDAA1070024B721 /* AssertException.h */ = {isa = PBXFileReference; fileEncoding = 4; lastKnownFileType = sourcecode.c.h; path = AssertException.h; sourceTree = "<group>"; };
		52492EEC0FDAA1070024B721 /* Exception.c */ = {isa = PBXFileReference; fileEncoding = 4; lastKnownFileType = sourcecode.c.c; path = Exception.c; sourceTree = "<group>"; };
		52492EED0FDAA1070024B721 /* Exception.h */ = {isa = PBXFileReference; fileEncoding = 4; lastKnownFileType = sourcecode.c.h; path = Exception.h; sourceTree = "<group>"; };
		52492EEE0FDAA1070024B721 /* SQLException.h */ = {isa = PBXFileReference; fileEncoding = 4; lastKnownFileType = sourcecode.c.h; path = SQLException.h; sourceTree = "<group>"; };
		52492EF10FDAA1070024B721 /* URL.h */ = {isa = PBXFileReference; fileEncoding = 4; lastKnownFileType = sourcecode.c.h; path = URL.h; sourceTree = "<group>"; };
		52492EF20FDAA1070024B721 /* URL.re */ = {isa = PBXFileReference; fileEncoding = 4; lastKnownFileType = text; path = URL.re; sourceTree = "<group>"; xcLanguageSpecificationIdentifier = xcode.lang.c; };
		52492EF30FDAA1070024B721 /* Thread.h */ = {isa = PBXFileReference; fileEncoding = 4; lastKnownFileType = sourcecode.c.h; path = Thread.h; sourceTree = "<group>"; };
		52492EF50FDAA1070024B721 /* Mem.c */ = {isa = PBXFileReference; fileEncoding = 4; lastKnownFileType = sourcecode.c.c; path = Mem.c; sourceTree = "<group>"; };
		52492EF60FDAA1070024B721 /* Mem.h */ = {isa = PBXFileReference; fileEncoding = 4; lastKnownFileType = sourcecode.c.h; path = Mem.h; sourceTree = "<group>"; };
		52492EF70FDAA1070024B721 /* Str.c */ = {isa = PBXFileReference; fileEncoding = 4; lastKnownFileType = sourcecode.c.c; path = Str.c; sourceTree = "<group>"; };
		52492EF80FDAA1070024B721 /* Str.h */ = {isa = PBXFileReference; fileEncoding = 4; lastKnownFileType = sourcecode.c.h; path = Str.h; sourceTree = "<group>"; };
		52492EF90FDAA1070024B721 /* StringBuffer.c */ = {isa = PBXFileReference; fileEncoding = 4; lastKnownFileType = sourcecode.c.c; path = StringBuffer.c; sourceTree = "<group>"; };
		52492EFA0FDAA1070024B721 /* StringBuffer.h */ = {isa = PBXFileReference; fileEncoding = 4; lastKnownFileType = sourcecode.c.h; path = StringBuffer.h; sourceTree = "<group>"; };
		52492EFB0FDAA1070024B721 /* Util.c */ = {isa = PBXFileReference; fileEncoding = 4; lastKnownFileType = sourcecode.c.c; path = Util.c; sourceTree = "<group>"; };
		52492EFC0FDAA1070024B721 /* Util.h */ = {isa = PBXFileReference; fileEncoding = 4; lastKnownFileType = sourcecode.c.h; path = Util.h; sourceTree = "<group>"; };
		52492EFD0FDAA1070024B721 /* Vector.c */ = {isa = PBXFileReference; fileEncoding = 4; lastKnownFileType = sourcecode.c.c; path = Vector.c; sourceTree = "<group>"; };
		52492EFE0FDAA1070024B721 /* Vector.h */ = {isa = PBXFileReference; fileEncoding = 4; lastKnownFileType = sourcecode.c.h; path = Vector.h; sourceTree = "<group>"; };
		52492F000FDAA1070024B721 /* exception.c */ = {isa = PBXFileReference; fileEncoding = 4; lastKnownFileType = sourcecode.c.c; path = exception.c; sourceTree = "<group>"; };
		52492F010FDAA1070024B721 /* Makefile.am */ = {isa = PBXFileReference; fileEncoding = 4; lastKnownFileType = text; path = Makefile.am; sourceTree = "<group>"; };
		52492F020FDAA1070024B721 /* pool.c */ = {isa = PBXFileReference; fileEncoding = 4; lastKnownFileType = sourcecode.c.c; path = pool.c; sourceTree = "<group>"; };
		52492F030FDAA1070024B721 /* select.c */ = {isa = PBXFileReference; fileEncoding = 4; lastKnownFileType = sourcecode.c.c; path = select.c; sourceTree = "<group>"; };
		52492F040FDAA1070024B721 /* unit.c */ = {isa = PBXFileReference; fileEncoding = 4; lastKnownFileType = sourcecode.c.c; path = unit.c; sourceTree = "<group>"; };
		52492F080FDAA1070024B721 /* compfilterh */ = {isa = PBXFileReference; fileEncoding = 4; lastKnownFileType = text.script.sh; path = compfilterh; sourceTree = "<group>"; };
		52492F090FDAA1070024B721 /* filterh.l */ = {isa = PBXFileReference; fileEncoding = 4; lastKnownFileType = sourcecode.lex; path = filterh.l; sourceTree = "<group>"; };
		5264DA3112513802004D833D /* AUTHORS */ = {isa = PBXFileReference; fileEncoding = 4; lastKnownFileType = text; path = AUTHORS; sourceTree = "<group>"; };
		52DA495E11AB21360052D06B /* OracleConnection.c */ = {isa = PBXFileReference; fileEncoding = 4; lastKnownFileType = sourcecode.c.c; path = OracleConnection.c; sourceTree = "<group>"; };
		52DA495F11AB21360052D06B /* OracleConnection.h */ = {isa = PBXFileReference; fileEncoding = 4; lastKnownFileType = sourcecode.c.h; path = OracleConnection.h; sourceTree = "<group>"; };
		52DA496011AB21360052D06B /* OraclePreparedStatement.c */ = {isa = PBXFileReference; fileEncoding = 4; lastKnownFileType = sourcecode.c.c; path = OraclePreparedStatement.c; sourceTree = "<group>"; };
		52DA496111AB21360052D06B /* OraclePreparedStatement.h */ = {isa = PBXFileReference; fileEncoding = 4; lastKnownFileType = sourcecode.c.h; path = OraclePreparedStatement.h; sourceTree = "<group>"; };
		52DA496211AB21360052D06B /* OracleResultSet.c */ = {isa = PBXFileReference; fileEncoding = 4; lastKnownFileType = sourcecode.c.c; path = OracleResultSet.c; sourceTree = "<group>"; };
		52DA496311AB21360052D06B /* OracleResultSet.h */ = {isa = PBXFileReference; fileEncoding = 4; lastKnownFileType = sourcecode.c.h; path = OracleResultSet.h; sourceTree = "<group>"; };
		52E35DAF11BB01F900272194 /* ax_lib_oracle_oci.m4 */ = {isa = PBXFileReference; fileEncoding = 4; lastKnownFileType = text; path = ax_lib_oracle_oci.m4; sourceTree = "<group>"; };
/* End PBXFileReference section */

/* Begin PBXGroup section */
		08FB7794FE84155DC02AAC07 /* libzdb */ = {
			isa = PBXGroup;
			children = (
				5264DA3112513802004D833D /* AUTHORS */,
				52492EA70FDAA1070024B721 /* CHANGES */,
				52492EC40FDAA1070024B721 /* README */,
				52492EB10FDAA1070024B721 /* COPYING */,
				52492E960FDAA1070024B721 /* bootstrap */,
				52492EB00FDAA1070024B721 /* configure.ac */,
				52492EC30FDAA1070024B721 /* Makefile.am */,
				52492EC50FDAA1070024B721 /* src */,
				52492EA80FDAA1070024B721 /* config */,
				52492EB20FDAA1070024B721 /* doc */,
				52492F050FDAA1070024B721 /* tools */,
				52492EFF0FDAA1070024B721 /* test */,
			);
			name = libzdb;
			sourceTree = "<group>";
		};
		52492EA80FDAA1070024B721 /* config */ = {
			isa = PBXGroup;
			children = (
				52E35DAF11BB01F900272194 /* ax_lib_oracle_oci.m4 */,
				52492EA90FDAA1070024B721 /* doxy_bottom */,
				52492EAA0FDAA1070024B721 /* doxy_head */,
				52492EAB0FDAA1070024B721 /* Doxyfile */,
				52492EAC0FDAA1070024B721 /* DoxygenLayout.xml */,
				52492EAD0FDAA1070024B721 /* install-sh */,
				52492EAF0FDAA1070024B721 /* missing */,
			);
			path = config;
			sourceTree = "<group>";
		};
		52492EB20FDAA1070024B721 /* doc */ = {
			isa = PBXGroup;
			children = (
				52492EB30FDAA1070024B721 /* api-docs */,
				52492EC10FDAA1070024B721 /* LICENSE.pdf */,
				5214355C100EBEF800E05AB5 /* THIRDPARTY-LICENSE */,
			);
			path = doc;
			sourceTree = "<group>";
		};
		52492EB30FDAA1070024B721 /* api-docs */ = {
			isa = PBXGroup;
			children = (
				52492EB40FDAA1070024B721 /* database.png */,
				52492EBE0FDAA1070024B721 /* mysqloptions.html */,
				52492EC00FDAA1070024B721 /* postgresoptions.html */,
			);
			path = "api-docs";
			sourceTree = "<group>";
		};
		52492EC50FDAA1070024B721 /* src */ = {
			isa = PBXGroup;
			children = (
				5233692E12507C4A00291DB6 /* zdb.h */,
				52492EC60FDAA1070024B721 /* Config.h */,
				52492EF30FDAA1070024B721 /* Thread.h */,
				52492EC70FDAA1070024B721 /* db */,
				52492EEF0FDAA1070024B721 /* net */,
				52492EF40FDAA1070024B721 /* util */,
				52492EE80FDAA1070024B721 /* exceptions */,
			);
			path = src;
			sourceTree = "<group>";
		};
		52492EC70FDAA1070024B721 /* db */ = {
			isa = PBXGroup;
			children = (
				522DB0991221716300CD0CE1 /* ConnectionDelegate.h */,
				522DB09A1221716300CD0CE1 /* PreparedStatementDelegate.h */,
				522DB09B1221716300CD0CE1 /* ResultSetDelegate.h */,
				52492EC80FDAA1070024B721 /* Connection.c */,
				52492EC90FDAA1070024B721 /* Connection.h */,
				52492ECA0FDAA1070024B721 /* ConnectionPool.c */,
				52492ECB0FDAA1070024B721 /* ConnectionPool.h */,
				52492EDB0FDAA1070024B721 /* PreparedStatement.c */,
				52492EDC0FDAA1070024B721 /* PreparedStatement.h */,
				52492EDE0FDAA1070024B721 /* ResultSet.c */,
				52492EDF0FDAA1070024B721 /* ResultSet.h */,
				52DA495D11AB21360052D06B /* oracle */,
				52492EE10FDAA1070024B721 /* sqlite */,
				52492ECD0FDAA1070024B721 /* mysql */,
				52492ED40FDAA1070024B721 /* postgresql */,
			);
			path = db;
			sourceTree = "<group>";
		};
		52492ECD0FDAA1070024B721 /* mysql */ = {
			isa = PBXGroup;
			children = (
				52492ECE0FDAA1070024B721 /* MysqlConnection.c */,
				52492ECF0FDAA1070024B721 /* MysqlConnection.h */,
				52492ED00FDAA1070024B721 /* MysqlPreparedStatement.c */,
				52492ED10FDAA1070024B721 /* MysqlPreparedStatement.h */,
				52492ED20FDAA1070024B721 /* MysqlResultSet.c */,
				52492ED30FDAA1070024B721 /* MysqlResultSet.h */,
			);
			path = mysql;
			sourceTree = "<group>";
		};
		52492ED40FDAA1070024B721 /* postgresql */ = {
			isa = PBXGroup;
			children = (
				52492ED50FDAA1070024B721 /* PostgresqlConnection.c */,
				52492ED60FDAA1070024B721 /* PostgresqlConnection.h */,
				52492ED70FDAA1070024B721 /* PostgresqlPreparedStatement.c */,
				52492ED80FDAA1070024B721 /* PostgresqlPreparedStatement.h */,
				52492ED90FDAA1070024B721 /* PostgresqlResultSet.c */,
				52492EDA0FDAA1070024B721 /* PostgresqlResultSet.h */,
			);
			path = postgresql;
			sourceTree = "<group>";
		};
		52492EE10FDAA1070024B721 /* sqlite */ = {
			isa = PBXGroup;
			children = (
				52492EE20FDAA1070024B721 /* SQLiteConnection.c */,
				52492EE30FDAA1070024B721 /* SQLiteConnection.h */,
				52492EE40FDAA1070024B721 /* SQLitePreparedStatement.c */,
				52492EE50FDAA1070024B721 /* SQLitePreparedStatement.h */,
				52492EE60FDAA1070024B721 /* SQLiteResultSet.c */,
				52492EE70FDAA1070024B721 /* SQLiteResultSet.h */,
			);
			path = sqlite;
			sourceTree = "<group>";
		};
		52492EE80FDAA1070024B721 /* exceptions */ = {
			isa = PBXGroup;
			children = (
				52492EE90FDAA1070024B721 /* assert.c */,
				52492EEA0FDAA1070024B721 /* assert.h */,
				52492EEC0FDAA1070024B721 /* Exception.c */,
				52492EED0FDAA1070024B721 /* Exception.h */,
				52492EEE0FDAA1070024B721 /* SQLException.h */,
				52492EEB0FDAA1070024B721 /* AssertException.h */,
				5210C96E102790C1005F0FD4 /* MemoryException.h */,
			);
			path = exceptions;
			sourceTree = "<group>";
		};
		52492EEF0FDAA1070024B721 /* net */ = {
			isa = PBXGroup;
			children = (
				52492EF10FDAA1070024B721 /* URL.h */,
				52492EF20FDAA1070024B721 /* URL.re */,
			);
			path = net;
			sourceTree = "<group>";
		};
		52492EF40FDAA1070024B721 /* util */ = {
			isa = PBXGroup;
			children = (
				52492EF50FDAA1070024B721 /* Mem.c */,
				52492EF60FDAA1070024B721 /* Mem.h */,
				52492EF70FDAA1070024B721 /* Str.c */,
				52492EF80FDAA1070024B721 /* Str.h */,
				52492EF90FDAA1070024B721 /* StringBuffer.c */,
				52492EFA0FDAA1070024B721 /* StringBuffer.h */,
				52492EFB0FDAA1070024B721 /* Util.c */,
				52492EFC0FDAA1070024B721 /* Util.h */,
				52492EFD0FDAA1070024B721 /* Vector.c */,
				52492EFE0FDAA1070024B721 /* Vector.h */,
			);
			path = util;
			sourceTree = "<group>";
		};
		52492EFF0FDAA1070024B721 /* test */ = {
			isa = PBXGroup;
			children = (
				52492F000FDAA1070024B721 /* exception.c */,
				52492F010FDAA1070024B721 /* Makefile.am */,
				52492F020FDAA1070024B721 /* pool.c */,
				52492F030FDAA1070024B721 /* select.c */,
				52492F040FDAA1070024B721 /* unit.c */,
			);
			path = test;
			sourceTree = "<group>";
		};
		52492F050FDAA1070024B721 /* tools */ = {
			isa = PBXGroup;
			children = (
				52492F060FDAA1070024B721 /* bin */,
				52492F070FDAA1070024B721 /* filterh */,
			);
			path = tools;
			sourceTree = "<group>";
		};
		52492F060FDAA1070024B721 /* bin */ = {
			isa = PBXGroup;
			children = (
			);
			path = bin;
			sourceTree = "<group>";
		};
		52492F070FDAA1070024B721 /* filterh */ = {
			isa = PBXGroup;
			children = (
				52492F080FDAA1070024B721 /* compfilterh */,
				52492F090FDAA1070024B721 /* filterh.l */,
			);
			path = filterh;
			sourceTree = "<group>";
		};
		52DA495D11AB21360052D06B /* oracle */ = {
			isa = PBXGroup;
			children = (
				52DA495E11AB21360052D06B /* OracleConnection.c */,
				52DA495F11AB21360052D06B /* OracleConnection.h */,
				52DA496011AB21360052D06B /* OraclePreparedStatement.c */,
				52DA496111AB21360052D06B /* OraclePreparedStatement.h */,
				52DA496211AB21360052D06B /* OracleResultSet.c */,
				52DA496311AB21360052D06B /* OracleResultSet.h */,
			);
			path = oracle;
			sourceTree = "<group>";
		};
/* End PBXGroup section */

/* Begin PBXLegacyTarget section */
		D28A88AD04BDD90700651E21 /* libzdb */ = {
			isa = PBXLegacyTarget;
			buildArgumentsString = "$(ACTION)";
			buildConfigurationList = 1DEB918F08733D9F0010E9CD /* Build configuration list for PBXLegacyTarget "libzdb" */;
			buildPhases = (
			);
			buildToolPath = /usr/bin/make;
			dependencies = (
			);
			name = libzdb;
			passBuildSettingsInEnvironment = 1;
			productName = libzdb;
		};
/* End PBXLegacyTarget section */

/* Begin PBXProject section */
		08FB7793FE84155DC02AAC07 /* Project object */ = {
			isa = PBXProject;
			buildConfigurationList = 1DEB919308733D9F0010E9CD /* Build configuration list for PBXProject "libzdb" */;
			compatibilityVersion = "Xcode 3.1";
			developmentRegion = English;
			hasScannedForEncodings = 1;
			knownRegions = (
				English,
				Japanese,
				French,
				German,
			);
			mainGroup = 08FB7794FE84155DC02AAC07 /* libzdb */;
			projectDirPath = "";
			projectRoot = "";
			targets = (
				D28A88AD04BDD90700651E21 /* libzdb */,
			);
		};
/* End PBXProject section */

/* Begin XCBuildConfiguration section */
		1DEB919008733D9F0010E9CD /* Debug */ = {
			isa = XCBuildConfiguration;
			buildSettings = {
				COPY_PHASE_STRIP = NO;
				DEBUGGING_SYMBOLS = YES;
				GCC_DYNAMIC_NO_PIC = NO;
				GCC_ENABLE_FIX_AND_CONTINUE = YES;
				GCC_GENERATE_DEBUGGING_SYMBOLS = YES;
				GCC_OPTIMIZATION_LEVEL = 0;
				OTHER_CFLAGS = "";
				OTHER_LDFLAGS = "";
				PRODUCT_NAME = libzdb;
			};
			name = Debug;
		};
		1DEB919108733D9F0010E9CD /* Release */ = {
			isa = XCBuildConfiguration;
			buildSettings = {
				COPY_PHASE_STRIP = YES;
				GCC_ENABLE_FIX_AND_CONTINUE = NO;
				OTHER_CFLAGS = "";
				OTHER_LDFLAGS = "";
				PRODUCT_NAME = libzdb;
			};
			name = Release;
		};
		1DEB919408733D9F0010E9CD /* Debug */ = {
			isa = XCBuildConfiguration;
			buildSettings = {
				ARCHS = "";
				GCC_WARN_ABOUT_RETURN_TYPE = YES;
				GCC_WARN_UNUSED_VARIABLE = YES;
				ONLY_ACTIVE_ARCH = YES;
				PREBINDING = NO;
				SDKROOT = macosx10.6;
			};
			name = Debug;
		};
		1DEB919508733D9F0010E9CD /* Release */ = {
			isa = XCBuildConfiguration;
			buildSettings = {
				ARCHS = "$(ARCHS_STANDARD_32_BIT)";
				GCC_WARN_ABOUT_RETURN_TYPE = YES;
				GCC_WARN_UNUSED_VARIABLE = YES;
				PREBINDING = NO;
				SDKROOT = macosx10.6;
			};
			name = Release;
		};
/* End XCBuildConfiguration section */

/* Begin XCConfigurationList section */
		1DEB918F08733D9F0010E9CD /* Build configuration list for PBXLegacyTarget "libzdb" */ = {
			isa = XCConfigurationList;
			buildConfigurations = (
				1DEB919008733D9F0010E9CD /* Debug */,
				1DEB919108733D9F0010E9CD /* Release */,
			);
			defaultConfigurationIsVisible = 0;
			defaultConfigurationName = Release;
		};
		1DEB919308733D9F0010E9CD /* Build configuration list for PBXProject "libzdb" */ = {
			isa = XCConfigurationList;
			buildConfigurations = (
				1DEB919408733D9F0010E9CD /* Debug */,
				1DEB919508733D9F0010E9CD /* Release */,
			);
			defaultConfigurationIsVisible = 0;
			defaultConfigurationName = Release;
		};
/* End XCConfigurationList section */
	};
	rootObject = 08FB7793FE84155DC02AAC07 /* Project object */;
}
